<?xml version="1.0" encoding="utf-8"?>
<Project ToolsVersion="4.0" xmlns="http://schemas.microsoft.com/developer/msbuild/2003">
  <ItemGroup>
    <ClCompile Include="test.cpp">
      <Filter>Test</Filter>
    </ClCompile>
    <ClCompile Include="DDSTextureLoader.cpp">
      <Filter>Test</Filter>
    </ClCompile>
    <ClCompile Include="coeff.cpp">
      <Filter>Test</Filter>
    </ClCompile>
    <ClCompile Include="..\..\SHMath\DirectXSH.cpp">
      <Filter>SH</Filter>
    </ClCompile>
    <ClCompile Include="..\..\SHMath\DirectXSHD3D11.cpp">
      <Filter>SH</Filter>
    </ClCompile>
    <ClCompile Include="..\..\SHMath\DirectXSHD3D12.cpp">
      <Filter>SH</Filter>
    </ClCompile>
    <ClCompile Include="DDSTextureLoader12.cpp">
      <Filter>Test</Filter>
    </ClCompile>
  </ItemGroup>
  <ItemGroup>
    <ClInclude Include="DDSTextureLoader.h">
      <Filter>Test</Filter>
    </ClInclude>
    <ClInclude Include="..\..\SHMath\DirectXSH.h">
      <Filter>SH</Filter>
    </ClInclude>
    <ClInclude Include="DDSTextureLoader12.h">
      <Filter>Test</Filter>
    </ClInclude>
    <ClInclude Include="d3dx12.h">
      <Filter>Test</Filter>
    </ClInclude>
  </ItemGroup>
  <ItemGroup>
    <Filter Include="SH">
      <UniqueIdentifier>{2d010ff8-f945-4864-8d9c-d958a64e5522}</UniqueIdentifier>
    </Filter>
    <Filter Include="Test">
      <UniqueIdentifier>{dc2a0dad-3c4b-4a4e-a228-f6cb38c9a4fa}</UniqueIdentifier>
    </Filter>
  </ItemGroup>
</Project>