<?xml version="1.0" encoding="utf-8"?>
<Project ToolsVersion="4.0" xmlns="http://schemas.microsoft.com/developer/msbuild/2003">
  <ItemGroup>
    <Filter Include="DirectXMath">
      <UniqueIdentifier>{be8a6b33-c8c5-4c0e-876d-514df74ca907}</UniqueIdentifier>
    </Filter>
    <Filter Include="Test Files">
      <UniqueIdentifier>{bf24e824-564c-4c2d-99ca-7cf7d4ab7602}</UniqueIdentifier>
    </Filter>
  </ItemGroup>
  <ItemGroup>
    <ClInclude Include="..\..\Inc\DirectXCollision.h">
      <Filter>DirectXMath</Filter>
    </ClInclude>
    <ClInclude Include="..\..\Inc\DirectXColors.h">
      <Filter>DirectXMath</Filter>
    </ClInclude>
    <ClInclude Include="..\..\Inc\DirectXMath.h">
      <Filter>DirectXMath</Filter>
    </ClInclude>
    <ClInclude Include="..\..\Inc\DirectXPackedVector.h">
      <Filter>DirectXMath</Filter>
    </ClInclude>
    <ClInclude Include="math3.h">
      <Filter>Test Files</Filter>
    </ClInclude>
  </ItemGroup>
  <ItemGroup>
    <None Include="..\..\Inc\DirectXCollision.inl">
      <Filter>DirectXMath</Filter>
    </None>
    <None Include="..\..\Inc\DirectXMathConvert.inl">
      <Filter>DirectXMath</Filter>
    </None>
    <None Include="..\..\Inc\DirectXMathMatrix.inl">
      <Filter>DirectXMath</Filter>
    </None>
    <None Include="..\..\Inc\DirectXMathMisc.inl">
      <Filter>DirectXMath</Filter>
    </None>
    <None Include="..\..\Inc\DirectXMathVector.inl">
      <Filter>DirectXMath</Filter>
    </None>
    <None Include="..\..\Inc\DirectXPackedVector.inl">
      <Filter>DirectXMath</Filter>
    </None>
  </ItemGroup>
  <ItemGroup>
    <ClCompile Include="box.cpp">
      <Filter>Test Files</Filter>
    </ClCompile>
    <ClCompile Include="frustum.cpp">
      <Filter>Test Files</Filter>
    </ClCompile>
    <ClCompile Include="hdrtest.cpp">
      <Filter>Test Files</Filter>
    </ClCompile>
    <ClCompile Include="math3.cpp">
      <Filter>Test Files</Filter>
    </ClCompile>
    <ClCompile Include="math3tests.cpp">
      <Filter>Test Files</Filter>
    </ClCompile>
    <ClCompile Include="nomovnttest.cpp">
      <Filter>Test Files</Filter>
    </ClCompile>
    <ClCompile Include="obox.cpp">
      <Filter>Test Files</Filter>
    </ClCompile>
    <ClCompile Include="shared.cpp">
      <Filter>Test Files</Filter>
    </ClCompile>
    <ClCompile Include="sphere.cpp">
      <Filter>Test Files</Filter>
    </ClCompile>
    <ClCompile Include="triangle.cpp">
      <Filter>Test Files</Filter>
    </ClCompile>
    <ClCompile Include="xmcolor.cpp">
      <Filter>Test Files</Filter>
    </ClCompile>
    <ClCompile Include="xmmat.cpp">
      <Filter>Test Files</Filter>
    </ClCompile>
    <ClCompile Include="xmquat.cpp">
      <Filter>Test Files</Filter>
    </ClCompile>
    <ClCompile Include="xmvec.cpp">
      <Filter>Test Files</Filter>
    </ClCompile>
    <ClCompile Include="xmvec234.cpp">
      <Filter>Test Files</Filter>
    </ClCompile>
    <ClCompile Include="constexpr.cpp">
      <Filter>Test Files</Filter>
    </ClCompile>
  </ItemGroup>
</Project>