<?xml version="1.0" encoding="utf-8"?>
<Project ToolsVersion="4.0" xmlns="http://schemas.microsoft.com/developer/msbuild/2003">
  <ItemGroup>
    <Filter Include="DirectXMath">
      <UniqueIdentifier>{6a905400-b6a1-4004-acf6-95b5aa8938dd}</UniqueIdentifier>
    </Filter>
    <Filter Include="Test Files">
      <UniqueIdentifier>{c919d7d1-24d1-46ab-b2d5-d0b76f8fc49c}</UniqueIdentifier>
    </Filter>
  </ItemGroup>
  <ItemGroup>
    <ClInclude Include="..\..\Inc\DirectXCollision.h">
      <Filter>DirectXMath</Filter>
    </ClInclude>
    <ClInclude Include="..\..\Inc\DirectXColors.h">
      <Filter>DirectXMath</Filter>
    </ClInclude>
    <ClInclude Include="..\..\Inc\DirectXMath.h">
      <Filter>DirectXMath</Filter>
    </ClInclude>
    <ClInclude Include="..\..\Inc\DirectXPackedVector.h">
      <Filter>DirectXMath</Filter>
    </ClInclude>
    <ClInclude Include="math3.h">
      <Filter>Test Files</Filter>
    </ClInclude>
  </ItemGroup>
  <ItemGroup>
    <None Include="..\..\Inc\DirectXCollision.inl">
      <Filter>DirectXMath</Filter>
    </None>
    <None Include="..\..\Inc\DirectXMathConvert.inl">
      <Filter>DirectXMath</Filter>
    </None>
    <None Include="..\..\Inc\DirectXMathMatrix.inl">
      <Filter>DirectXMath</Filter>
    </None>
    <None Include="..\..\Inc\DirectXMathMisc.inl">
      <Filter>DirectXMath</Filter>
    </None>
    <None Include="..\..\Inc\DirectXMathVector.inl">
      <Filter>DirectXMath</Filter>
    </None>
    <None Include="..\..\Inc\DirectXPackedVector.inl">
      <Filter>DirectXMath</Filter>
    </None>
  </ItemGroup>
  <ItemGroup>
    <ClCompile Include="xmvec234.cpp">
      <Filter>Test Files</Filter>
    </ClCompile>
    <ClCompile Include="xmvec.cpp">
      <Filter>Test Files</Filter>
    </ClCompile>
    <ClCompile Include="xmquat.cpp">
      <Filter>Test Files</Filter>
    </ClCompile>
    <ClCompile Include="xmmat.cpp">
      <Filter>Test Files</Filter>
    </ClCompile>
    <ClCompile Include="xmcolor.cpp">
      <Filter>Test Files</Filter>
    </ClCompile>
    <ClCompile Include="triangle.cpp">
      <Filter>Test Files</Filter>
    </ClCompile>
    <ClCompile Include="sphere.cpp">
      <Filter>Test Files</Filter>
    </ClCompile>
    <ClCompile Include="shared.cpp">
      <Filter>Test Files</Filter>
    </ClCompile>
    <ClCompile Include="obox.cpp">
      <Filter>Test Files</Filter>
    </ClCompile>
    <ClCompile Include="nomovnttest.cpp">
      <Filter>Test Files</Filter>
    </ClCompile>
    <ClCompile Include="math3tests.cpp">
      <Filter>Test Files</Filter>
    </ClCompile>
    <ClCompile Include="math3.cpp">
      <Filter>Test Files</Filter>
    </ClCompile>
    <ClCompile Include="hdrtest.cpp">
      <Filter>Test Files</Filter>
    </ClCompile>
    <ClCompile Include="frustum.cpp">
      <Filter>Test Files</Filter>
    </ClCompile>
    <ClCompile Include="box.cpp">
      <Filter>Test Files</Filter>
    </ClCompile>
  </ItemGroup>
</Project>