
Microsoft Visual Studio Solution File, Format Version 12.00
# Visual Studio 2013
VisualStudioVersion = 12.0.40629.0
MinimumVisualStudioVersion = 10.0.40219.1
Project("{8BC9CEB8-8B4A-11D0-8D11-00A0C91BC942}") = "math3_2013", "math3_2013.vcxproj", "{0780FEF4-C693-4DE0-8BF2-722FC1385B53}"
EndProject
Global
	GlobalSection(SolutionConfigurationPlatforms) = preSolution
		AVX Debug|Win32 = AVX Debug|Win32
		AVX Debug|x64 = AVX Debug|x64
		AVX Release|Win32 = AVX Release|Win32
		AVX Release|x64 = AVX Release|x64
		AVX2 Debug|Win32 = AVX2 Debug|Win32
		AVX2 Debug|x64 = AVX2 Debug|x64
		AVX2 Release|Win32 = AVX2 Release|Win32
		AVX2 Release|x64 = AVX2 Release|x64
		Debug|Win32 = Debug|Win32
		Debug|x64 = Debug|x64
		NI Debug|Win32 = NI Debug|Win32
		NI Debug|x64 = NI Debug|x64
		NI Release|Win32 = NI Release|Win32
		NI Release|x64 = NI Release|x64
		Release|Win32 = Release|Win32
		Release|x64 = Release|x64
		SSE3 Debug|Win32 = SSE3 Debug|Win32
		SSE3 Debug|x64 = SSE3 Debug|x64
		SSE3 Release|Win32 = SSE3 Release|Win32
		SSE3 Release|x64 = SSE3 Release|x64
		SSE4 Debug|Win32 = SSE4 Debug|Win32
		SSE4 Debug|x64 = SSE4 Debug|x64
		SSE4 Release|Win32 = SSE4 Release|Win32
		SSE4 Release|x64 = SSE4 Release|x64
		x87 Debug|Win32 = x87 Debug|Win32
		x87 Debug|x64 = x87 Debug|x64
		x87 Release|Win32 = x87 Release|Win32
		x87 Release|x64 = x87 Release|x64
	EndGlobalSection
	GlobalSection(ProjectConfigurationPlatforms) = postSolution
		{0780FEF4-C693-4DE0-8BF2-722FC1385B53}.AVX Debug|Win32.ActiveCfg = AVX Debug|Win32
		{0780FEF4-C693-4DE0-8BF2-722FC1385B53}.AVX Debug|Win32.Build.0 = AVX Debug|Win32
		{0780FEF4-C693-4DE0-8BF2-722FC1385B53}.AVX Debug|x64.ActiveCfg = AVX Debug|x64
		{0780FEF4-C693-4DE0-8BF2-722FC1385B53}.AVX Debug|x64.Build.0 = AVX Debug|x64
		{0780FEF4-C693-4DE0-8BF2-722FC1385B53}.AVX Release|Win32.ActiveCfg = AVX Release|Win32
		{0780FEF4-C693-4DE0-8BF2-722FC1385B53}.AVX Release|Win32.Build.0 = AVX Release|Win32
		{0780FEF4-C693-4DE0-8BF2-722FC1385B53}.AVX Release|x64.ActiveCfg = AVX Release|x64
		{0780FEF4-C693-4DE0-8BF2-722FC1385B53}.AVX Release|x64.Build.0 = AVX Release|x64
		{0780FEF4-C693-4DE0-8BF2-722FC1385B53}.AVX2 Debug|Win32.ActiveCfg = AVX2 Debug|Win32
		{0780FEF4-C693-4DE0-8BF2-722FC1385B53}.AVX2 Debug|Win32.Build.0 = AVX2 Debug|Win32
		{0780FEF4-C693-4DE0-8BF2-722FC1385B53}.AVX2 Debug|x64.ActiveCfg = AVX2 Debug|x64
		{0780FEF4-C693-4DE0-8BF2-722FC1385B53}.AVX2 Debug|x64.Build.0 = AVX2 Debug|x64
		{0780FEF4-C693-4DE0-8BF2-722FC1385B53}.AVX2 Release|Win32.ActiveCfg = AVX2 Release|Win32
		{0780FEF4-C693-4DE0-8BF2-722FC1385B53}.AVX2 Release|Win32.Build.0 = AVX2 Release|Win32
		{0780FEF4-C693-4DE0-8BF2-722FC1385B53}.AVX2 Release|x64.ActiveCfg = AVX2 Release|x64
		{0780FEF4-C693-4DE0-8BF2-722FC1385B53}.AVX2 Release|x64.Build.0 = AVX2 Release|x64
		{0780FEF4-C693-4DE0-8BF2-722FC1385B53}.Debug|Win32.ActiveCfg = Debug|Win32
		{0780FEF4-C693-4DE0-8BF2-722FC1385B53}.Debug|Win32.Build.0 = Debug|Win32
		{0780FEF4-C693-4DE0-8BF2-722FC1385B53}.Debug|x64.ActiveCfg = Debug|x64
		{0780FEF4-C693-4DE0-8BF2-722FC1385B53}.Debug|x64.Build.0 = Debug|x64
		{0780FEF4-C693-4DE0-8BF2-722FC1385B53}.NI Debug|Win32.ActiveCfg = NI Debug|Win32
		{0780FEF4-C693-4DE0-8BF2-722FC1385B53}.NI Debug|Win32.Build.0 = NI Debug|Win32
		{0780FEF4-C693-4DE0-8BF2-722FC1385B53}.NI Debug|x64.ActiveCfg = NI Debug|x64
		{0780FEF4-C693-4DE0-8BF2-722FC1385B53}.NI Debug|x64.Build.0 = NI Debug|x64
		{0780FEF4-C693-4DE0-8BF2-722FC1385B53}.NI Release|Win32.ActiveCfg = NI Release|Win32
		{0780FEF4-C693-4DE0-8BF2-722FC1385B53}.NI Release|Win32.Build.0 = NI Release|Win32
		{0780FEF4-C693-4DE0-8BF2-722FC1385B53}.NI Release|x64.ActiveCfg = NI Release|x64
		{0780FEF4-C693-4DE0-8BF2-722FC1385B53}.NI Release|x64.Build.0 = NI Release|x64
		{0780FEF4-C693-4DE0-8BF2-722FC1385B53}.Release|Win32.ActiveCfg = Release|Win32
		{0780FEF4-C693-4DE0-8BF2-722FC1385B53}.Release|Win32.Build.0 = Release|Win32
		{0780FEF4-C693-4DE0-8BF2-722FC1385B53}.Release|x64.ActiveCfg = Release|x64
		{0780FEF4-C693-4DE0-8BF2-722FC1385B53}.Release|x64.Build.0 = Release|x64
		{0780FEF4-C693-4DE0-8BF2-722FC1385B53}.SSE3 Debug|Win32.ActiveCfg = SSE3 Debug|Win32
		{0780FEF4-C693-4DE0-8BF2-722FC1385B53}.SSE3 Debug|Win32.Build.0 = SSE3 Debug|Win32
		{0780FEF4-C693-4DE0-8BF2-722FC1385B53}.SSE3 Debug|x64.ActiveCfg = SSE3 Debug|x64
		{0780FEF4-C693-4DE0-8BF2-722FC1385B53}.SSE3 Debug|x64.Build.0 = SSE3 Debug|x64
		{0780FEF4-C693-4DE0-8BF2-722FC1385B53}.SSE3 Release|Win32.ActiveCfg = SSE3 Release|Win32
		{0780FEF4-C693-4DE0-8BF2-722FC1385B53}.SSE3 Release|Win32.Build.0 = SSE3 Release|Win32
		{0780FEF4-C693-4DE0-8BF2-722FC1385B53}.SSE3 Release|x64.ActiveCfg = SSE3 Release|x64
		{0780FEF4-C693-4DE0-8BF2-722FC1385B53}.SSE3 Release|x64.Build.0 = SSE3 Release|x64
		{0780FEF4-C693-4DE0-8BF2-722FC1385B53}.SSE4 Debug|Win32.ActiveCfg = SSE4 Debug|Win32
		{0780FEF4-C693-4DE0-8BF2-722FC1385B53}.SSE4 Debug|Win32.Build.0 = SSE4 Debug|Win32
		{0780FEF4-C693-4DE0-8BF2-722FC1385B53}.SSE4 Debug|x64.ActiveCfg = SSE4 Debug|x64
		{0780FEF4-C693-4DE0-8BF2-722FC1385B53}.SSE4 Debug|x64.Build.0 = SSE4 Debug|x64
		{0780FEF4-C693-4DE0-8BF2-722FC1385B53}.SSE4 Release|Win32.ActiveCfg = SSE4 Release|Win32
		{0780FEF4-C693-4DE0-8BF2-722FC1385B53}.SSE4 Release|Win32.Build.0 = SSE4 Release|Win32
		{0780FEF4-C693-4DE0-8BF2-722FC1385B53}.SSE4 Release|x64.ActiveCfg = SSE4 Release|x64
		{0780FEF4-C693-4DE0-8BF2-722FC1385B53}.SSE4 Release|x64.Build.0 = SSE4 Release|x64
		{0780FEF4-C693-4DE0-8BF2-722FC1385B53}.x87 Debug|Win32.ActiveCfg = x87 Debug|Win32
		{0780FEF4-C693-4DE0-8BF2-722FC1385B53}.x87 Debug|Win32.Build.0 = x87 Debug|Win32
		{0780FEF4-C693-4DE0-8BF2-722FC1385B53}.x87 Debug|x64.ActiveCfg = x87 Debug|Win32
		{0780FEF4-C693-4DE0-8BF2-722FC1385B53}.x87 Release|Win32.ActiveCfg = x87 Release|Win32
		{0780FEF4-C693-4DE0-8BF2-722FC1385B53}.x87 Release|Win32.Build.0 = x87 Release|Win32
		{0780FEF4-C693-4DE0-8BF2-722FC1385B53}.x87 Release|x64.ActiveCfg = x87 Release|Win32
	EndGlobalSection
	GlobalSection(SolutionProperties) = preSolution
		HideSolutionNode = FALSE
	EndGlobalSection
EndGlobal
